// !$*UTF8*$!
{
	archiveVersion = 1;
	classes = {
	};
	objectVersion = 56;
	objects = {

/* Begin PBXBuildFile section */
		0D07D4212C1CA77C008A0381 /* Team8App.swift in Sources */ = {isa = PBXBuildFile; fileRef = 0D07D4202C1CA77C008A0381 /* Team8App.swift */; };
		0D07D4252C1CA77D008A0381 /* Assets.xcassets in Resources */ = {isa = PBXBuildFile; fileRef = 0D07D4242C1CA77D008A0381 /* Assets.xcassets */; };
		0D07D4282C1CA77D008A0381 /* Preview Assets.xcassets in Resources */ = {isa = PBXBuildFile; fileRef = 0D07D4272C1CA77D008A0381 /* Preview Assets.xcassets */; };
		0D07D4312C1CC2B1008A0381 /* VoteMessage.swift in Sources */ = {isa = PBXBuildFile; fileRef = 0D07D4302C1CC2B1008A0381 /* VoteMessage.swift */; };
		0D07D4332C1CC3ED008A0381 /* RestTogether.swift in Sources */ = {isa = PBXBuildFile; fileRef = 0D07D4322C1CC3ED008A0381 /* RestTogether.swift */; };
		0D07D4362C1CC666008A0381 /* GroupActivityManager.swift in Sources */ = {isa = PBXBuildFile; fileRef = 0D07D4352C1CC666008A0381 /* GroupActivityManager.swift */; };
		0D07D43C2C1CE703008A0381 /* StartView.swift in Sources */ = {isa = PBXBuildFile; fileRef = 0D07D43B2C1CE703008A0381 /* StartView.swift */; };
		0D07D4402C1CF38F008A0381 /* JustRabbitView.swift in Sources */ = {isa = PBXBuildFile; fileRef = 0D07D43F2C1CF38F008A0381 /* JustRabbitView.swift */; };
		612B4E7E2C1CC24300D21A0E /* VoteLoadingView.swift in Sources */ = {isa = PBXBuildFile; fileRef = 612B4E7D2C1CC24300D21A0E /* VoteLoadingView.swift */; };
		612B4EA22C1CDC0B00D21A0E /* FirstView.swift in Sources */ = {isa = PBXBuildFile; fileRef = 612B4EA12C1CDC0B00D21A0E /* FirstView.swift */; };
		612B4EA42C1CF0F500D21A0E /* VoteView.swift in Sources */ = {isa = PBXBuildFile; fileRef = 612B4EA32C1CF0F500D21A0E /* VoteView.swift */; };
		86A903012C1CC69A00198638 /* StartTimeView.swift in Sources */ = {isa = PBXBuildFile; fileRef = 86A903002C1CC69A00198638 /* StartTimeView.swift */; };
		86A903042C1CC6BC00198638 /* TimerView.swift in Sources */ = {isa = PBXBuildFile; fileRef = 86A903032C1CC6BC00198638 /* TimerView.swift */; };
		86A903082C1CCAD900198638 /* TimeInputView.swift in Sources */ = {isa = PBXBuildFile; fileRef = 86A903072C1CCAD900198638 /* TimeInputView.swift */; };
/* End PBXBuildFile section */

/* Begin PBXFileReference section */
		0D07D41D2C1CA77C008A0381 /* Team8.app */ = {isa = PBXFileReference; explicitFileType = wrapper.application; includeInIndex = 0; path = Team8.app; sourceTree = BUILT_PRODUCTS_DIR; };
		0D07D4202C1CA77C008A0381 /* Team8App.swift */ = {isa = PBXFileReference; lastKnownFileType = sourcecode.swift; path = Team8App.swift; sourceTree = "<group>"; };
		0D07D4242C1CA77D008A0381 /* Assets.xcassets */ = {isa = PBXFileReference; lastKnownFileType = folder.assetcatalog; path = Assets.xcassets; sourceTree = "<group>"; };
		0D07D4272C1CA77D008A0381 /* Preview Assets.xcassets */ = {isa = PBXFileReference; lastKnownFileType = folder.assetcatalog; path = "Preview Assets.xcassets"; sourceTree = "<group>"; };
		0D07D4292C1CA77D008A0381 /* Team8.entitlements */ = {isa = PBXFileReference; lastKnownFileType = text.plist.entitlements; path = Team8.entitlements; sourceTree = "<group>"; };
		0D07D4302C1CC2B1008A0381 /* VoteMessage.swift */ = {isa = PBXFileReference; lastKnownFileType = sourcecode.swift; path = VoteMessage.swift; sourceTree = "<group>"; };
		0D07D4322C1CC3ED008A0381 /* RestTogether.swift */ = {isa = PBXFileReference; lastKnownFileType = sourcecode.swift; path = RestTogether.swift; sourceTree = "<group>"; };
		0D07D4352C1CC666008A0381 /* GroupActivityManager.swift */ = {isa = PBXFileReference; lastKnownFileType = sourcecode.swift; path = GroupActivityManager.swift; sourceTree = "<group>"; };
		0D07D43B2C1CE703008A0381 /* StartView.swift */ = {isa = PBXFileReference; lastKnownFileType = sourcecode.swift; path = StartView.swift; sourceTree = "<group>"; };
		0D07D43F2C1CF38F008A0381 /* JustRabbitView.swift */ = {isa = PBXFileReference; lastKnownFileType = sourcecode.swift; path = JustRabbitView.swift; sourceTree = "<group>"; };
		612B4E7D2C1CC24300D21A0E /* VoteLoadingView.swift */ = {isa = PBXFileReference; lastKnownFileType = sourcecode.swift; path = VoteLoadingView.swift; sourceTree = "<group>"; };
		612B4EA12C1CDC0B00D21A0E /* FirstView.swift */ = {isa = PBXFileReference; lastKnownFileType = sourcecode.swift; path = FirstView.swift; sourceTree = "<group>"; };
		612B4EA32C1CF0F500D21A0E /* VoteView.swift */ = {isa = PBXFileReference; lastKnownFileType = sourcecode.swift; path = VoteView.swift; sourceTree = "<group>"; };
		86A903002C1CC69A00198638 /* StartTimeView.swift */ = {isa = PBXFileReference; lastKnownFileType = sourcecode.swift; path = StartTimeView.swift; sourceTree = "<group>"; };
		86A903032C1CC6BC00198638 /* TimerView.swift */ = {isa = PBXFileReference; lastKnownFileType = sourcecode.swift; path = TimerView.swift; sourceTree = "<group>"; };
		86A903072C1CCAD900198638 /* TimeInputView.swift */ = {isa = PBXFileReference; lastKnownFileType = sourcecode.swift; path = TimeInputView.swift; sourceTree = "<group>"; };
/* End PBXFileReference section */

/* Begin PBXFrameworksBuildPhase section */
		0D07D41A2C1CA77C008A0381 /* Frameworks */ = {
			isa = PBXFrameworksBuildPhase;
			buildActionMask = 2147483647;
			files = (
			);
			runOnlyForDeploymentPostprocessing = 0;
		};
/* End PBXFrameworksBuildPhase section */

/* Begin PBXGroup section */
		0D07D4142C1CA77C008A0381 = {
			isa = PBXGroup;
			children = (
				0D07D41F2C1CA77C008A0381 /* Team8 */,
				0D07D41E2C1CA77C008A0381 /* Products */,
			);
			sourceTree = "<group>";
		};
		0D07D41E2C1CA77C008A0381 /* Products */ = {
			isa = PBXGroup;
			children = (
				0D07D41D2C1CA77C008A0381 /* Team8.app */,
			);
			name = Products;
			sourceTree = "<group>";
		};
		0D07D41F2C1CA77C008A0381 /* Team8 */ = {
			isa = PBXGroup;
			children = (
				0D07D4342C1CC64E008A0381 /* Utility */,
				0D07D42F2C1CC152008A0381 /* Model */,
				86A903022C1CC6A700198638 /* Dorami */,
				0D07D4202C1CA77C008A0381 /* Team8App.swift */,
				612B4EA32C1CF0F500D21A0E /* VoteView.swift */,
				612B4E7D2C1CC24300D21A0E /* VoteLoadingView.swift */,
				0D07D4242C1CA77D008A0381 /* Assets.xcassets */,
				0D07D4292C1CA77D008A0381 /* Team8.entitlements */,
				0D07D4262C1CA77D008A0381 /* Preview Content */,
				0D07D43B2C1CE703008A0381 /* StartView.swift */,
				0D07D43F2C1CF38F008A0381 /* JustRabbitView.swift */,
			);
			path = Team8;
			sourceTree = "<group>";
		};
		0D07D4262C1CA77D008A0381 /* Preview Content */ = {
			isa = PBXGroup;
			children = (
				0D07D4272C1CA77D008A0381 /* Preview Assets.xcassets */,
			);
			path = "Preview Content";
			sourceTree = "<group>";
		};
		0D07D42F2C1CC152008A0381 /* Model */ = {
			isa = PBXGroup;
			children = (
				0D07D4302C1CC2B1008A0381 /* VoteMessage.swift */,
				0D07D4322C1CC3ED008A0381 /* RestTogether.swift */,
			);
			path = Model;
			sourceTree = "<group>";
		};
		0D07D4342C1CC64E008A0381 /* Utility */ = {
			isa = PBXGroup;
			children = (
				0D07D4352C1CC666008A0381 /* GroupActivityManager.swift */,
			);
			path = Utility;
			sourceTree = "<group>";
		};
		86A903022C1CC6A700198638 /* Dorami */ = {
			isa = PBXGroup;
			children = (
				86A903072C1CCAD900198638 /* TimeInputView.swift */,
				86A903002C1CC69A00198638 /* StartTimeView.swift */,
				86A903032C1CC6BC00198638 /* TimerView.swift */,
				612B4EA12C1CDC0B00D21A0E /* FirstView.swift */,
			);
			path = Dorami;
			sourceTree = "<group>";
		};
/* End PBXGroup section */

/* Begin PBXNativeTarget section */
		0D07D41C2C1CA77C008A0381 /* Team8 */ = {
			isa = PBXNativeTarget;
			buildConfigurationList = 0D07D42C2C1CA77D008A0381 /* Build configuration list for PBXNativeTarget "Team8" */;
			buildPhases = (
				0D07D4192C1CA77C008A0381 /* Sources */,
				0D07D41A2C1CA77C008A0381 /* Frameworks */,
				0D07D41B2C1CA77C008A0381 /* Resources */,
			);
			buildRules = (
			);
			dependencies = (
			);
			name = Team8;
			productName = Team8;
			productReference = 0D07D41D2C1CA77C008A0381 /* Team8.app */;
			productType = "com.apple.product-type.application";
		};
/* End PBXNativeTarget section */

/* Begin PBXProject section */
		0D07D4152C1CA77C008A0381 /* Project object */ = {
			isa = PBXProject;
			attributes = {
				BuildIndependentTargetsInParallel = 1;
				LastSwiftUpdateCheck = 1540;
				LastUpgradeCheck = 1540;
				TargetAttributes = {
					0D07D41C2C1CA77C008A0381 = {
						CreatedOnToolsVersion = 15.4;
					};
				};
			};
			buildConfigurationList = 0D07D4182C1CA77C008A0381 /* Build configuration list for PBXProject "Team8" */;
			compatibilityVersion = "Xcode 14.0";
			developmentRegion = en;
			hasScannedForEncodings = 0;
			knownRegions = (
				en,
				Base,
			);
			mainGroup = 0D07D4142C1CA77C008A0381;
			productRefGroup = 0D07D41E2C1CA77C008A0381 /* Products */;
			projectDirPath = "";
			projectRoot = "";
			targets = (
				0D07D41C2C1CA77C008A0381 /* Team8 */,
			);
		};
/* End PBXProject section */

/* Begin PBXResourcesBuildPhase section */
		0D07D41B2C1CA77C008A0381 /* Resources */ = {
			isa = PBXResourcesBuildPhase;
			buildActionMask = 2147483647;
			files = (
				0D07D4282C1CA77D008A0381 /* Preview Assets.xcassets in Resources */,
				0D07D4252C1CA77D008A0381 /* Assets.xcassets in Resources */,
			);
			runOnlyForDeploymentPostprocessing = 0;
		};
/* End PBXResourcesBuildPhase section */

/* Begin PBXSourcesBuildPhase section */
		0D07D4192C1CA77C008A0381 /* Sources */ = {
			isa = PBXSourcesBuildPhase;
			buildActionMask = 2147483647;
			files = (
				612B4EA22C1CDC0B00D21A0E /* FirstView.swift in Sources */,
				612B4E7E2C1CC24300D21A0E /* VoteLoadingView.swift in Sources */,
				612B4EA42C1CF0F500D21A0E /* VoteView.swift in Sources */,
				0D07D43C2C1CE703008A0381 /* StartView.swift in Sources */,
				86A903012C1CC69A00198638 /* StartTimeView.swift in Sources */,
				86A903082C1CCAD900198638 /* TimeInputView.swift in Sources */,
				0D07D4332C1CC3ED008A0381 /* RestTogether.swift in Sources */,
				0D07D4402C1CF38F008A0381 /* JustRabbitView.swift in Sources */,
				0D07D4312C1CC2B1008A0381 /* VoteMessage.swift in Sources */,
				0D07D4362C1CC666008A0381 /* GroupActivityManager.swift in Sources */,
				86A903042C1CC6BC00198638 /* TimerView.swift in Sources */,
				0D07D4212C1CA77C008A0381 /* Team8App.swift in Sources */,
			);
			runOnlyForDeploymentPostprocessing = 0;
		};
/* End PBXSourcesBuildPhase section */

/* Begin XCBuildConfiguration section */
		0D07D42A2C1CA77D008A0381 /* Debug */ = {
			isa = XCBuildConfiguration;
			buildSettings = {
				ALWAYS_SEARCH_USER_PATHS = NO;
				ASSETCATALOG_COMPILER_GENERATE_SWIFT_ASSET_SYMBOL_EXTENSIONS = YES;
				CLANG_ANALYZER_NONNULL = YES;
				CLANG_ANALYZER_NUMBER_OBJECT_CONVERSION = YES_AGGRESSIVE;
				CLANG_CXX_LANGUAGE_STANDARD = "gnu++20";
				CLANG_ENABLE_MODULES = YES;
				CLANG_ENABLE_OBJC_ARC = YES;
				CLANG_ENABLE_OBJC_WEAK = YES;
				CLANG_WARN_BLOCK_CAPTURE_AUTORELEASING = YES;
				CLANG_WARN_BOOL_CONVERSION = YES;
				CLANG_WARN_COMMA = YES;
				CLANG_WARN_CONSTANT_CONVERSION = YES;
				CLANG_WARN_DEPRECATED_OBJC_IMPLEMENTATIONS = YES;
				CLANG_WARN_DIRECT_OBJC_ISA_USAGE = YES_ERROR;
				CLANG_WARN_DOCUMENTATION_COMMENTS = YES;
				CLANG_WARN_EMPTY_BODY = YES;
				CLANG_WARN_ENUM_CONVERSION = YES;
				CLANG_WARN_INFINITE_RECURSION = YES;
				CLANG_WARN_INT_CONVERSION = YES;
				CLANG_WARN_NON_LITERAL_NULL_CONVERSION = YES;
				CLANG_WARN_OBJC_IMPLICIT_RETAIN_SELF = YES;
				CLANG_WARN_OBJC_LITERAL_CONVERSION = YES;
				CLANG_WARN_OBJC_ROOT_CLASS = YES_ERROR;
				CLANG_WARN_QUOTED_INCLUDE_IN_FRAMEWORK_HEADER = YES;
				CLANG_WARN_RANGE_LOOP_ANALYSIS = YES;
				CLANG_WARN_STRICT_PROTOTYPES = YES;
				CLANG_WARN_SUSPICIOUS_MOVE = YES;
				CLANG_WARN_UNGUARDED_AVAILABILITY = YES_AGGRESSIVE;
				CLANG_WARN_UNREACHABLE_CODE = YES;
				CLANG_WARN__DUPLICATE_METHOD_MATCH = YES;
				COPY_PHASE_STRIP = NO;
				DEBUG_INFORMATION_FORMAT = dwarf;
				ENABLE_STRICT_OBJC_MSGSEND = YES;
				ENABLE_TESTABILITY = YES;
				ENABLE_USER_SCRIPT_SANDBOXING = YES;
				GCC_C_LANGUAGE_STANDARD = gnu17;
				GCC_DYNAMIC_NO_PIC = NO;
				GCC_NO_COMMON_BLOCKS = YES;
				GCC_OPTIMIZATION_LEVEL = 0;
				GCC_PREPROCESSOR_DEFINITIONS = (
					"DEBUG=1",
					"$(inherited)",
				);
				GCC_WARN_64_TO_32_BIT_CONVERSION = YES;
				GCC_WARN_ABOUT_RETURN_TYPE = YES_ERROR;
				GCC_WARN_UNDECLARED_SELECTOR = YES;
				GCC_WARN_UNINITIALIZED_AUTOS = YES_AGGRESSIVE;
				GCC_WARN_UNUSED_FUNCTION = YES;
				GCC_WARN_UNUSED_VARIABLE = YES;
				LOCALIZATION_PREFERS_STRING_CATALOGS = YES;
				MACOSX_DEPLOYMENT_TARGET = 14.1;
				MTL_ENABLE_DEBUG_INFO = INCLUDE_SOURCE;
				MTL_FAST_MATH = YES;
				ONLY_ACTIVE_ARCH = YES;
				SDKROOT = macosx;
				SWIFT_ACTIVE_COMPILATION_CONDITIONS = "DEBUG $(inherited)";
				SWIFT_OPTIMIZATION_LEVEL = "-Onone";
			};
			name = Debug;
		};
		0D07D42B2C1CA77D008A0381 /* Release */ = {
			isa = XCBuildConfiguration;
			buildSettings = {
				ALWAYS_SEARCH_USER_PATHS = NO;
				ASSETCATALOG_COMPILER_GENERATE_SWIFT_ASSET_SYMBOL_EXTENSIONS = YES;
				CLANG_ANALYZER_NONNULL = YES;
				CLANG_ANALYZER_NUMBER_OBJECT_CONVERSION = YES_AGGRESSIVE;
				CLANG_CXX_LANGUAGE_STANDARD = "gnu++20";
				CLANG_ENABLE_MODULES = YES;
				CLANG_ENABLE_OBJC_ARC = YES;
				CLANG_ENABLE_OBJC_WEAK = YES;
				CLANG_WARN_BLOCK_CAPTURE_AUTORELEASING = YES;
				CLANG_WARN_BOOL_CONVERSION = YES;
				CLANG_WARN_COMMA = YES;
				CLANG_WARN_CONSTANT_CONVERSION = YES;
				CLANG_WARN_DEPRECATED_OBJC_IMPLEMENTATIONS = YES;
				CLANG_WARN_DIRECT_OBJC_ISA_USAGE = YES_ERROR;
				CLANG_WARN_DOCUMENTATION_COMMENTS = YES;
				CLANG_WARN_EMPTY_BODY = YES;
				CLANG_WARN_ENUM_CONVERSION = YES;
				CLANG_WARN_INFINITE_RECURSION = YES;
				CLANG_WARN_INT_CONVERSION = YES;
				CLANG_WARN_NON_LITERAL_NULL_CONVERSION = YES;
				CLANG_WARN_OBJC_IMPLICIT_RETAIN_SELF = YES;
				CLANG_WARN_OBJC_LITERAL_CONVERSION = YES;
				CLANG_WARN_OBJC_ROOT_CLASS = YES_ERROR;
				CLANG_WARN_QUOTED_INCLUDE_IN_FRAMEWORK_HEADER = YES;
				CLANG_WARN_RANGE_LOOP_ANALYSIS = YES;
				CLANG_WARN_STRICT_PROTOTYPES = YES;
				CLANG_WARN_SUSPICIOUS_MOVE = YES;
				CLANG_WARN_UNGUARDED_AVAILABILITY = YES_AGGRESSIVE;
				CLANG_WARN_UNREACHABLE_CODE = YES;
				CLANG_WARN__DUPLICATE_METHOD_MATCH = YES;
				COPY_PHASE_STRIP = NO;
				DEBUG_INFORMATION_FORMAT = "dwarf-with-dsym";
				ENABLE_NS_ASSERTIONS = NO;
				ENABLE_STRICT_OBJC_MSGSEND = YES;
				ENABLE_USER_SCRIPT_SANDBOXING = YES;
				GCC_C_LANGUAGE_STANDARD = gnu17;
				GCC_NO_COMMON_BLOCKS = YES;
				GCC_WARN_64_TO_32_BIT_CONVERSION = YES;
				GCC_WARN_ABOUT_RETURN_TYPE = YES_ERROR;
				GCC_WARN_UNDECLARED_SELECTOR = YES;
				GCC_WARN_UNINITIALIZED_AUTOS = YES_AGGRESSIVE;
				GCC_WARN_UNUSED_FUNCTION = YES;
				GCC_WARN_UNUSED_VARIABLE = YES;
				LOCALIZATION_PREFERS_STRING_CATALOGS = YES;
				MACOSX_DEPLOYMENT_TARGET = 14.1;
				MTL_ENABLE_DEBUG_INFO = NO;
				MTL_FAST_MATH = YES;
				SDKROOT = macosx;
				SWIFT_COMPILATION_MODE = wholemodule;
			};
			name = Release;
		};
		0D07D42D2C1CA77D008A0381 /* Debug */ = {
			isa = XCBuildConfiguration;
			buildSettings = {
				ASSETCATALOG_COMPILER_APPICON_NAME = AppIcon;
				ASSETCATALOG_COMPILER_GLOBAL_ACCENT_COLOR_NAME = AccentColor;
				CODE_SIGN_ENTITLEMENTS = Team8/Team8.entitlements;
				"CODE_SIGN_IDENTITY[sdk=macosx*]" = "Apple Development";
				CODE_SIGN_STYLE = Automatic;
				COMBINE_HIDPI_IMAGES = YES;
				CURRENT_PROJECT_VERSION = 1;
				DEVELOPMENT_ASSET_PATHS = "\"Team8/Preview Content\"";
				DEVELOPMENT_TEAM = T8C5HKRLH5;
				ENABLE_PREVIEWS = YES;
				GENERATE_INFOPLIST_FILE = YES;
				INFOPLIST_KEY_NSHumanReadableCopyright = "";
				INFOPLIST_KEY_UIUserInterfaceStyle = Dark;
				LD_RUNPATH_SEARCH_PATHS = (
					"$(inherited)",
					"@executable_path/../Frameworks",
				);
				MACOSX_DEPLOYMENT_TARGET = 14.1;
				MARKETING_VERSION = 1.0;
				PRODUCT_BUNDLE_IDENTIFIER = com.newJunsung.Team8;
				PRODUCT_NAME = "$(TARGET_NAME)";
				SWIFT_EMIT_LOC_STRINGS = YES;
				SWIFT_VERSION = 5.0;
			};
			name = Debug;
		};
		0D07D42E2C1CA77D008A0381 /* Release */ = {
			isa = XCBuildConfiguration;
			buildSettings = {
				ASSETCATALOG_COMPILER_APPICON_NAME = AppIcon;
				ASSETCATALOG_COMPILER_GLOBAL_ACCENT_COLOR_NAME = AccentColor;
				CODE_SIGN_ENTITLEMENTS = Team8/Team8.entitlements;
				"CODE_SIGN_IDENTITY[sdk=macosx*]" = "Apple Development";
				CODE_SIGN_STYLE = Automatic;
				COMBINE_HIDPI_IMAGES = YES;
				CURRENT_PROJECT_VERSION = 1;
				DEVELOPMENT_ASSET_PATHS = "\"Team8/Preview Content\"";
				DEVELOPMENT_TEAM = T8C5HKRLH5;
				ENABLE_PREVIEWS = YES;
				GENERATE_INFOPLIST_FILE = YES;
				INFOPLIST_KEY_NSHumanReadableCopyright = "";
				INFOPLIST_KEY_UIUserInterfaceStyle = Dark;
				LD_RUNPATH_SEARCH_PATHS = (
					"$(inherited)",
					"@executable_path/../Frameworks",
				);
				MACOSX_DEPLOYMENT_TARGET = 14.1;
				MARKETING_VERSION = 1.0;
				PRODUCT_BUNDLE_IDENTIFIER = com.newJunsung.Team8;
				PRODUCT_NAME = "$(TARGET_NAME)";
				SWIFT_EMIT_LOC_STRINGS = YES;
				SWIFT_VERSION = 5.0;
			};
			name = Release;
		};
/* End XCBuildConfiguration section */

/* Begin XCConfigurationList section */
		0D07D4182C1CA77C008A0381 /* Build configuration list for PBXProject "Team8" */ = {
			isa = XCConfigurationList;
			buildConfigurations = (
				0D07D42A2C1CA77D008A0381 /* Debug */,
				0D07D42B2C1CA77D008A0381 /* Release */,
			);
			defaultConfigurationIsVisible = 0;
			defaultConfigurationName = Release;
		};
		0D07D42C2C1CA77D008A0381 /* Build configuration list for PBXNativeTarget "Team8" */ = {
			isa = XCConfigurationList;
			buildConfigurations = (
				0D07D42D2C1CA77D008A0381 /* Debug */,
				0D07D42E2C1CA77D008A0381 /* Release */,
			);
			defaultConfigurationIsVisible = 0;
			defaultConfigurationName = Release;
		};
/* End XCConfigurationList section */
	};
	rootObject = 0D07D4152C1CA77C008A0381 /* Project object */;
}
